// !$*UTF8*$!
{
	archiveVersion = 1;
	classes = {
	};
	objectVersion = 48;
	objects = {

/* Begin PBXBuildFile section */
		511AB91C1F30D39C00A55C00 /* AppDelegate.swift in Sources */ = {isa = PBXBuildFile; fileRef = 511AB91B1F30D39C00A55C00 /* AppDelegate.swift */; };
		511AB91E1F30D39C00A55C00 /* ViewController.swift in Sources */ = {isa = PBXBuildFile; fileRef = 511AB91D1F30D39C00A55C00 /* ViewController.swift */; };
		511AB9211F30D39C00A55C00 /* Main.storyboard in Resources */ = {isa = PBXBuildFile; fileRef = 511AB91F1F30D39C00A55C00 /* Main.storyboard */; };
		511AB9231F30D39C00A55C00 /* Assets.xcassets in Resources */ = {isa = PBXBuildFile; fileRef = 511AB9221F30D39C00A55C00 /* Assets.xcassets */; };
		511AB9261F30D39C00A55C00 /* LaunchScreen.storyboard in Resources */ = {isa = PBXBuildFile; fileRef = 511AB9241F30D39C00A55C00 /* LaunchScreen.storyboard */; };
		511AB92E1F30D58300A55C00 /* NumbersTableTableViewController.swift in Sources */ = {isa = PBXBuildFile; fileRef = 511AB92D1F30D58300A55C00 /* NumbersTableTableViewController.swift */; };
/* End PBXBuildFile section */

/* Begin PBXFileReference section */
		511AB9181F30D39C00A55C00 /* SecondTableView.app */ = {isa = PBXFileReference; explicitFileType = wrapper.application; includeInIndex = 0; path = SecondTableView.app; sourceTree = BUILT_PRODUCTS_DIR; };
		511AB91B1F30D39C00A55C00 /* AppDelegate.swift */ = {isa = PBXFileReference; lastKnownFileType = sourcecode.swift; path = AppDelegate.swift; sourceTree = "<group>"; };
		511AB91D1F30D39C00A55C00 /* ViewController.swift */ = {isa = PBXFileReference; lastKnownFileType = sourcecode.swift; path = ViewController.swift; sourceTree = "<group>"; };
		511AB9201F30D39C00A55C00 /* Base */ = {isa = PBXFileReference; lastKnownFileType = file.storyboard; name = Base; path = Base.lproj/Main.storyboard; sourceTree = "<group>"; };
		511AB9221F30D39C00A55C00 /* Assets.xcassets */ = {isa = PBXFileReference; lastKnownFileType = folder.assetcatalog; path = Assets.xcassets; sourceTree = "<group>"; };
		511AB9251F30D39C00A55C00 /* Base */ = {isa = PBXFileReference; lastKnownFileType = file.storyboard; name = Base; path = Base.lproj/LaunchScreen.storyboard; sourceTree = "<group>"; };
		511AB9271F30D39C00A55C00 /* Info.plist */ = {isa = PBXFileReference; lastKnownFileType = text.plist.xml; path = Info.plist; sourceTree = "<group>"; };
		511AB92D1F30D58300A55C00 /* NumbersTableTableViewController.swift */ = {isa = PBXFileReference; lastKnownFileType = sourcecode.swift; path = NumbersTableTableViewController.swift; sourceTree = "<group>"; };
/* End PBXFileReference section */

/* Begin PBXFrameworksBuildPhase section */
		511AB9151F30D39C00A55C00 /* Frameworks */ = {
			isa = PBXFrameworksBuildPhase;
			buildActionMask = 2147483647;
			files = (
			);
			runOnlyForDeploymentPostprocessing = 0;
		};
/* End PBXFrameworksBuildPhase section */

/* Begin PBXGroup section */
		511AB90F1F30D39C00A55C00 = {
			isa = PBXGroup;
			children = (
				511AB91A1F30D39C00A55C00 /* SecondTableView */,
				511AB9191F30D39C00A55C00 /* Products */,
			);
			sourceTree = "<group>";
		};
		511AB9191F30D39C00A55C00 /* Products */ = {
			isa = PBXGroup;
			children = (
				511AB9181F30D39C00A55C00 /* SecondTableView.app */,
			);
			name = Products;
			sourceTree = "<group>";
		};
		511AB91A1F30D39C00A55C00 /* SecondTableView */ = {
			isa = PBXGroup;
			children = (
				511AB91B1F30D39C00A55C00 /* AppDelegate.swift */,
				511AB91D1F30D39C00A55C00 /* ViewController.swift */,
				511AB91F1F30D39C00A55C00 /* Main.storyboard */,
				511AB92D1F30D58300A55C00 /* NumbersTableTableViewController.swift */,
				511AB9221F30D39C00A55C00 /* Assets.xcassets */,
				511AB9241F30D39C00A55C00 /* LaunchScreen.storyboard */,
				511AB9271F30D39C00A55C00 /* Info.plist */,
			);
			path = SecondTableView;
			sourceTree = "<group>";
		};
/* End PBXGroup section */

/* Begin PBXNativeTarget section */
		511AB9171F30D39C00A55C00 /* SecondTableView */ = {
			isa = PBXNativeTarget;
			buildConfigurationList = 511AB92A1F30D39C00A55C00 /* Build configuration list for PBXNativeTarget "SecondTableView" */;
			buildPhases = (
				511AB9141F30D39C00A55C00 /* Sources */,
				511AB9151F30D39C00A55C00 /* Frameworks */,
				511AB9161F30D39C00A55C00 /* Resources */,
			);
			buildRules = (
			);
			dependencies = (
			);
			name = SecondTableView;
			productName = SecondTableView;
			productReference = 511AB9181F30D39C00A55C00 /* SecondTableView.app */;
			productType = "com.apple.product-type.application";
		};
/* End PBXNativeTarget section */

/* Begin PBXProject section */
		511AB9101F30D39C00A55C00 /* Project object */ = {
			isa = PBXProject;
			attributes = {
				LastSwiftUpdateCheck = 0900;
				LastUpgradeCheck = 0900;
				ORGANIZATIONNAME = "Qiankang Zhou";
				TargetAttributes = {
					511AB9171F30D39C00A55C00 = {
						CreatedOnToolsVersion = 9.0;
					};
				};
			};
			buildConfigurationList = 511AB9131F30D39C00A55C00 /* Build configuration list for PBXProject "SecondTableView" */;
			compatibilityVersion = "Xcode 8.0";
			developmentRegion = en;
			hasScannedForEncodings = 0;
			knownRegions = (
				en,
				Base,
			);
			mainGroup = 511AB90F1F30D39C00A55C00;
			productRefGroup = 511AB9191F30D39C00A55C00 /* Products */;
			projectDirPath = "";
			projectRoot = "";
			targets = (
				511AB9171F30D39C00A55C00 /* SecondTableView */,
			);
		};
/* End PBXProject section */

/* Begin PBXResourcesBuildPhase section */
		511AB9161F30D39C00A55C00 /* Resources */ = {
			isa = PBXResourcesBuildPhase;
			buildActionMask = 2147483647;
			files = (
				511AB9261F30D39C00A55C00 /* LaunchScreen.storyboard in Resources */,
				511AB9231F30D39C00A55C00 /* Assets.xcassets in Resources */,
				511AB9211F30D39C00A55C00 /* Main.storyboard in Resources */,
			);
			runOnlyForDeploymentPostprocessing = 0;
		};
/* End PBXResourcesBuildPhase section */

/* Begin PBXSourcesBuildPhase section */
		511AB9141F30D39C00A55C00 /* Sources */ = {
			isa = PBXSourcesBuildPhase;
			buildActionMask = 2147483647;
			files = (
				511AB91E1F30D39C00A55C00 /* ViewController.swift in Sources */,
				511AB92E1F30D58300A55C00 /* NumbersTableTableViewController.swift in Sources */,
				511AB91C1F30D39C00A55C00 /* AppDelegate.swift in Sources */,
			);
			runOnlyForDeploymentPostprocessing = 0;
		};
/* End PBXSourcesBuildPhase section */

/* Begin PBXVariantGroup section */
		511AB91F1F30D39C00A55C00 /* Main.storyboard */ = {
			isa = PBXVariantGroup;
			children = (
				511AB9201F30D39C00A55C00 /* Base */,
			);
			name = Main.storyboard;
			sourceTree = "<group>";
		};
		511AB9241F30D39C00A55C00 /* LaunchScreen.storyboard */ = {
			isa = PBXVariantGroup;
			children = (
				511AB9251F30D39C00A55C00 /* Base */,
			);
			name = LaunchScreen.storyboard;
			sourceTree = "<group>";
		};
/* End PBXVariantGroup section */

/* Begin XCBuildConfiguration section */
		511AB9281F30D39C00A55C00 /* Debug */ = {
			isa = XCBuildConfiguration;
			buildSettings = {
				ALWAYS_SEARCH_USER_PATHS = NO;
				CLANG_ANALYZER_NONNULL = YES;
				CLANG_ANALYZER_NUMBER_OBJECT_CONVERSION = YES_AGGRESSIVE;
				CLANG_CXX_LANGUAGE_STANDARD = "gnu++14";
				CLANG_CXX_LIBRARY = "libc++";
				CLANG_ENABLE_MODULES = YES;
				CLANG_ENABLE_OBJC_ARC = YES;
				CLANG_WARN_BLOCK_CAPTURE_AUTORELEASING = YES;
				CLANG_WARN_BOOL_CONVERSION = YES;
				CLANG_WARN_COMMA = YES;
				CLANG_WARN_CONSTANT_CONVERSION = YES;
				CLANG_WARN_DIRECT_OBJC_ISA_USAGE = YES_ERROR;
				CLANG_WARN_DOCUMENTATION_COMMENTS = YES;
				CLANG_WARN_EMPTY_BODY = YES;
				CLANG_WARN_ENUM_CONVERSION = YES;
				CLANG_WARN_INFINITE_RECURSION = YES;
				CLANG_WARN_INT_CONVERSION = YES;
				CLANG_WARN_NON_LITERAL_NULL_CONVERSION = YES;
				CLANG_WARN_OBJC_LITERAL_CONVERSION = YES;
				CLANG_WARN_OBJC_ROOT_CLASS = YES_ERROR;
				CLANG_WARN_RANGE_LOOP_ANALYSIS = YES;
				CLANG_WARN_STRICT_PROTOTYPES = YES;
				CLANG_WARN_SUSPICIOUS_MOVE = YES;
				CLANG_WARN_UNGUARDED_AVAILABILITY = YES_AGGRESSIVE;
				CLANG_WARN_UNREACHABLE_CODE = YES;
				CLANG_WARN__DUPLICATE_METHOD_MATCH = YES;
				CODE_SIGN_IDENTITY = "iPhone Developer";
				COPY_PHASE_STRIP = NO;
				DEBUG_INFORMATION_FORMAT = dwarf;
				ENABLE_STRICT_OBJC_MSGSEND = YES;
				ENABLE_TESTABILITY = YES;
				GCC_C_LANGUAGE_STANDARD = gnu11;
				GCC_DYNAMIC_NO_PIC = NO;
				GCC_NO_COMMON_BLOCKS = YES;
				GCC_OPTIMIZATION_LEVEL = 0;
				GCC_PREPROCESSOR_DEFINITIONS = (
					"DEBUG=1",
					"$(inherited)",
				);
				GCC_WARN_64_TO_32_BIT_CONVERSION = YES;
				GCC_WARN_ABOUT_RETURN_TYPE = YES_ERROR;
				GCC_WARN_UNDECLARED_SELECTOR = YES;
				GCC_WARN_UNINITIALIZED_AUTOS = YES_AGGRESSIVE;
				GCC_WARN_UNUSED_FUNCTION = YES;
				GCC_WARN_UNUSED_VARIABLE = YES;
				IPHONEOS_DEPLOYMENT_TARGET = 11.0;
				MTL_ENABLE_DEBUG_INFO = YES;
				ONLY_ACTIVE_ARCH = YES;
				SDKROOT = iphoneos;
				SWIFT_ACTIVE_COMPILATION_CONDITIONS = DEBUG;
				SWIFT_OPTIMIZATION_LEVEL = "-Onone";
			};
			name = Debug;
		};
		511AB9291F30D39C00A55C00 /* Release */ = {
			isa = XCBuildConfiguration;
			buildSettings = {
				ALWAYS_SEARCH_USER_PATHS = NO;
				CLANG_ANALYZER_NONNULL = YES;
				CLANG_ANALYZER_NUMBER_OBJECT_CONVERSION = YES_AGGRESSIVE;
				CLANG_CXX_LANGUAGE_STANDARD = "gnu++14";
				CLANG_CXX_LIBRARY = "libc++";
				CLANG_ENABLE_MODULES = YES;
				CLANG_ENABLE_OBJC_ARC = YES;
				CLANG_WARN_BLOCK_CAPTURE_AUTORELEASING = YES;
				CLANG_WARN_BOOL_CONVERSION = YES;
				CLANG_WARN_COMMA = YES;
				CLANG_WARN_CONSTANT_CONVERSION = YES;
				CLANG_WARN_DIRECT_OBJC_ISA_USAGE = YES_ERROR;
				CLANG_WARN_DOCUMENTATION_COMMENTS = YES;
				CLANG_WARN_EMPTY_BODY = YES;
				CLANG_WARN_ENUM_CONVERSION = YES;
				CLANG_WARN_INFINITE_RECURSION = YES;
				CLANG_WARN_INT_CONVERSION = YES;
				CLANG_WARN_NON_LITERAL_NULL_CONVERSION = YES;
				CLANG_WARN_OBJC_LITERAL_CONVERSION = YES;
				CLANG_WARN_OBJC_ROOT_CLASS = YES_ERROR;
				CLANG_WARN_RANGE_LOOP_ANALYSIS = YES;
				CLANG_WARN_STRICT_PROTOTYPES = YES;
				CLANG_WARN_SUSPICIOUS_MOVE = YES;
				CLANG_WARN_UNGUARDED_AVAILABILITY = YES_AGGRESSIVE;
				CLANG_WARN_UNREACHABLE_CODE = YES;
				CLANG_WARN__DUPLICATE_METHOD_MATCH = YES;
				CODE_SIGN_IDENTITY = "iPhone Developer";
				COPY_PHASE_STRIP = NO;
				DEBUG_INFORMATION_FORMAT = "dwarf-with-dsym";
				ENABLE_NS_ASSERTIONS = NO;
				ENABLE_STRICT_OBJC_MSGSEND = YES;
				GCC_C_LANGUAGE_STANDARD = gnu11;
				GCC_NO_COMMON_BLOCKS = YES;
				GCC_WARN_64_TO_32_BIT_CONVERSION = YES;
				GCC_WARN_ABOUT_RETURN_TYPE = YES_ERROR;
				GCC_WARN_UNDECLARED_SELECTOR = YES;
				GCC_WARN_UNINITIALIZED_AUTOS = YES_AGGRESSIVE;
				GCC_WARN_UNUSED_FUNCTION = YES;
				GCC_WARN_UNUSED_VARIABLE = YES;
				IPHONEOS_DEPLOYMENT_TARGET = 11.0;
				MTL_ENABLE_DEBUG_INFO = NO;
				SDKROOT = iphoneos;
				SWIFT_OPTIMIZATION_LEVEL = "-Owholemodule";
				VALIDATE_PRODUCT = YES;
			};
			name = Release;
		};
		511AB92B1F30D39C00A55C00 /* Debug */ = {
			isa = XCBuildConfiguration;
			buildSettings = {
				ASSETCATALOG_COMPILER_APPICON_NAME = AppIcon;
				DEVELOPMENT_TEAM = 643HK9A3YG;
				INFOPLIST_FILE = SecondTableView/Info.plist;
				LD_RUNPATH_SEARCH_PATHS = "$(inherited) @executable_path/Frameworks";
				PRODUCT_BUNDLE_IDENTIFIER = com.qiankangzhou.FirstApp.SecondTableView;
				PRODUCT_NAME = "$(TARGET_NAME)";
				SWIFT_VERSION = 4.0;
				TARGETED_DEVICE_FAMILY = "1,2";
			};
			name = Debug;
		};
		511AB92C1F30D39C00A55C00 /* Release */ = {
			isa = XCBuildConfiguration;
			buildSettings = {
				ASSETCATALOG_COMPILER_APPICON_NAME = AppIcon;
				DEVELOPMENT_TEAM = 643HK9A3YG;
				INFOPLIST_FILE = SecondTableView/Info.plist;
				LD_RUNPATH_SEARCH_PATHS = "$(inherited) @executable_path/Frameworks";
				PRODUCT_BUNDLE_IDENTIFIER = com.qiankangzhou.FirstApp.SecondTableView;
				PRODUCT_NAME = "$(TARGET_NAME)";
				SWIFT_VERSION = 4.0;
				TARGETED_DEVICE_FAMILY = "1,2";
			};
			name = Release;
		};
/* End XCBuildConfiguration section */

/* Begin XCConfigurationList section */
		511AB9131F30D39C00A55C00 /* Build configuration list for PBXProject "SecondTableView" */ = {
			isa = XCConfigurationList;
			buildConfigurations = (
				511AB9281F30D39C00A55C00 /* Debug */,
				511AB9291F30D39C00A55C00 /* Release */,
			);
			defaultConfigurationIsVisible = 0;
			defaultConfigurationName = Release;
		};
		511AB92A1F30D39C00A55C00 /* Build configuration list for PBXNativeTarget "SecondTableView" */ = {
			isa = XCConfigurationList;
			buildConfigurations = (
				511AB92B1F30D39C00A55C00 /* Debug */,
				511AB92C1F30D39C00A55C00 /* Release */,
			);
			defaultConfigurationIsVisible = 0;
		};
/* End XCConfigurationList section */
	};
	rootObject = 511AB9101F30D39C00A55C00 /* Project object */;
}
